// !$*UTF8*$!
{
	archiveVersion = 1;
	classes = {
	};
	objectVersion = 77;
	objects = {

/* Begin PBXBuildFile section */
		1502973B2CDB0C9700281377 /* DetailFeedbackCollectionViewCell.swift in Sources */ = {isa = PBXBuildFile; fileRef = 1502973A2CDB0C9700281377 /* DetailFeedbackCollectionViewCell.swift */; };
		152919B72CB10FE200438E2B /* SnapKit in Frameworks */ = {isa = PBXBuildFile; productRef = 152919B62CB10FE200438E2B /* SnapKit */; };
		156CD7F62CD77D4800F47DA0 /* CategoryExploreView.swift in Sources */ = {isa = PBXBuildFile; fileRef = 156CD7F52CD77D4800F47DA0 /* CategoryExploreView.swift */; };
		156CD7F82CD77FC800F47DA0 /* ExploreListCollectionViewCell.swift in Sources */ = {isa = PBXBuildFile; fileRef = 156CD7F72CD77FC800F47DA0 /* ExploreListCollectionViewCell.swift */; };
		156CD7FA2CD785B000F47DA0 /* AppListCellView.swift in Sources */ = {isa = PBXBuildFile; fileRef = 156CD7F92CD785B000F47DA0 /* AppListCellView.swift */; };
		156CD7FC2CD791A100F47DA0 /* ExploreListTableViewCell.swift in Sources */ = {isa = PBXBuildFile; fileRef = 156CD7FB2CD791A000F47DA0 /* ExploreListTableViewCell.swift */; };
		1570C8CD2CB43A4C00A43324 /* .gitignore in Resources */ = {isa = PBXBuildFile; fileRef = 1570C8CC2CB43A4C00A43324 /* .gitignore */; };
		157119D62CBE962F00362252 /* TitleLabel.swift in Sources */ = {isa = PBXBuildFile; fileRef = 157119D52CBE962F00362252 /* TitleLabel.swift */; };
		157119D82CBE965700362252 /* SubtitleLabel.swift in Sources */ = {isa = PBXBuildFile; fileRef = 157119D72CBE965700362252 /* SubtitleLabel.swift */; };
		157119DA2CBE96BB00362252 /* ContentLabel.swift in Sources */ = {isa = PBXBuildFile; fileRef = 157119D92CBE96BB00362252 /* ContentLabel.swift */; };
		157119DD2CBE96F500362252 /* UILabel+Extension.swift in Sources */ = {isa = PBXBuildFile; fileRef = 157119DC2CBE96F500362252 /* UILabel+Extension.swift */; };
		15728FC52CCCAF0100E1E151 /* Feedback.swift in Sources */ = {isa = PBXBuildFile; fileRef = 15728FC42CCCAF0100E1E151 /* Feedback.swift */; };
		15728FC72CCCAF3100E1E151 /* StarColor.swift in Sources */ = {isa = PBXBuildFile; fileRef = 15728FC62CCCAF3100E1E151 /* StarColor.swift */; };
		15769B4F2CD11202000DBAD3 /* ChartView.swift in Sources */ = {isa = PBXBuildFile; fileRef = 15769B4E2CD11202000DBAD3 /* ChartView.swift */; };
		15769B512CD1121C000DBAD3 /* ChartViewController.swift in Sources */ = {isa = PBXBuildFile; fileRef = 15769B502CD1121C000DBAD3 /* ChartViewController.swift */; };
		15769B532CD1123B000DBAD3 /* ChartTableViewCell.swift in Sources */ = {isa = PBXBuildFile; fileRef = 15769B522CD1123B000DBAD3 /* ChartTableViewCell.swift */; };
		15769B552CD11D99000DBAD3 /* App.swift in Sources */ = {isa = PBXBuildFile; fileRef = 15769B542CD11D99000DBAD3 /* App.swift */; };
		15769B572CD11DAE000DBAD3 /* DownloadButtonFactory.swift in Sources */ = {isa = PBXBuildFile; fileRef = 15769B562CD11DAE000DBAD3 /* DownloadButtonFactory.swift */; };
		15769B592CD1362D000DBAD3 /* Category.swift in Sources */ = {isa = PBXBuildFile; fileRef = 15769B582CD1362D000DBAD3 /* Category.swift */; };
		15769B5C2CD13A25000DBAD3 /* Week3PhotoViewController.swift in Sources */ = {isa = PBXBuildFile; fileRef = 15769B5B2CD13A25000DBAD3 /* Week3PhotoViewController.swift */; };
		15769B5E2CD13A51000DBAD3 /* Week3PhotoCollectionViewCell.swift in Sources */ = {isa = PBXBuildFile; fileRef = 15769B5D2CD13A51000DBAD3 /* Week3PhotoCollectionViewCell.swift */; };
		15769B602CD13BB8000DBAD3 /* Week3Photo.swift in Sources */ = {isa = PBXBuildFile; fileRef = 15769B5F2CD13BB8000DBAD3 /* Week3Photo.swift */; };
		15769B632CD13D79000DBAD3 /* CategoryExploreViewController.swift in Sources */ = {isa = PBXBuildFile; fileRef = 15769B622CD13D79000DBAD3 /* CategoryExploreViewController.swift */; };
		15769B652CD13DF1000DBAD3 /* MainExploreViewController.swift in Sources */ = {isa = PBXBuildFile; fileRef = 15769B642CD13DF1000DBAD3 /* MainExploreViewController.swift */; };
		15769B682CD14916000DBAD3 /* BaseViewController.swift in Sources */ = {isa = PBXBuildFile; fileRef = 15769B672CD14916000DBAD3 /* BaseViewController.swift */; };
		15769B6C2CD14E3A000DBAD3 /* BaseView.swift in Sources */ = {isa = PBXBuildFile; fileRef = 15769B6B2CD14E3A000DBAD3 /* BaseView.swift */; };
		15769B6E2CD155F9000DBAD3 /* Int+Extension.swift in Sources */ = {isa = PBXBuildFile; fileRef = 15769B6D2CD155F9000DBAD3 /* Int+Extension.swift */; };
		1590A63D2CBE6C6A00FB32AE /* Assets.xcassets in Resources */ = {isa = PBXBuildFile; fileRef = 1590A6352CBE6C6A00FB32AE /* Assets.xcassets */; };
		1590A63F2CBE6C6A00FB32AE /* LaunchScreen.storyboard in Resources */ = {isa = PBXBuildFile; fileRef = 1590A6392CBE6C6A00FB32AE /* LaunchScreen.storyboard */; };
		1590A6402CBE6C6A00FB32AE /* AppDelegate.swift in Sources */ = {isa = PBXBuildFile; fileRef = 1590A62A2CBE6C6A00FB32AE /* AppDelegate.swift */; };
		1590A6412CBE6C6A00FB32AE /* SceneDelegate.swift in Sources */ = {isa = PBXBuildFile; fileRef = 1590A62B2CBE6C6A00FB32AE /* SceneDelegate.swift */; };
		1590A6422CBE6C6A00FB32AE /* Week1DetailView.swift in Sources */ = {isa = PBXBuildFile; fileRef = 1590A62D2CBE6C6A00FB32AE /* Week1DetailView.swift */; };
		1590A6432CBE6C6A00FB32AE /* Week1DetailViewController.swift in Sources */ = {isa = PBXBuildFile; fileRef = 1590A62E2CBE6C6A00FB32AE /* Week1DetailViewController.swift */; };
		1590A6442CBE6C6A00FB32AE /* Week1MainView.swift in Sources */ = {isa = PBXBuildFile; fileRef = 1590A6302CBE6C6A00FB32AE /* Week1MainView.swift */; };
		1590A6452CBE6C6A00FB32AE /* Week1MainViewController.swift in Sources */ = {isa = PBXBuildFile; fileRef = 1590A6312CBE6C6A00FB32AE /* Week1MainViewController.swift */; };
		1590A6A12CBE737600FB32AE /* Week2ScrollViewController.swift in Sources */ = {isa = PBXBuildFile; fileRef = 1590A6A02CBE737600FB32AE /* Week2ScrollViewController.swift */; };
		1590A6A42CBE8A9200FB32AE /* DetailViewController.swift in Sources */ = {isa = PBXBuildFile; fileRef = 1590A6A32CBE8A9200FB32AE /* DetailViewController.swift */; };
		159987512CD9DF6900692C78 /* ExploreBannerTableViewCell.swift in Sources */ = {isa = PBXBuildFile; fileRef = 159987502CD9DF6900692C78 /* ExploreBannerTableViewCell.swift */; };
		159987532CDA234E00692C78 /* ExploreBannerCollectionViewCell.swift in Sources */ = {isa = PBXBuildFile; fileRef = 159987522CDA234E00692C78 /* ExploreBannerCollectionViewCell.swift */; };
		159987552CDAA5E200692C78 /* ExploreListTableViewHeader.swift in Sources */ = {isa = PBXBuildFile; fileRef = 159987542CDAA5E200692C78 /* ExploreListTableViewHeader.swift */; };
		159987572CDAA92F00692C78 /* ExploreSection.swift in Sources */ = {isa = PBXBuildFile; fileRef = 159987562CDAA92F00692C78 /* ExploreSection.swift */; };
		1599875B2CDAD9EE00692C78 /* ChartTableViewHeader.swift in Sources */ = {isa = PBXBuildFile; fileRef = 1599875A2CDAD9EE00692C78 /* ChartTableViewHeader.swift */; };
		1599875D2CDAE72F00692C78 /* DetailPreviewCollectionViewCell.swift in Sources */ = {isa = PBXBuildFile; fileRef = 1599875C2CDAE72F00692C78 /* DetailPreviewCollectionViewCell.swift */; };
		15EC30532CCA434700A0480B /* UIButton+Extension.swift in Sources */ = {isa = PBXBuildFile; fileRef = 15EC30522CCA434700A0480B /* UIButton+Extension.swift */; };
		15EC30552CCAB69000A0480B /* DetailView.swift in Sources */ = {isa = PBXBuildFile; fileRef = 15EC30542CCAB69000A0480B /* DetailView.swift */; };
		15EC30572CCAC33700A0480B /* UIImage+Extension.swift in Sources */ = {isa = PBXBuildFile; fileRef = 15EC30562CCAC33700A0480B /* UIImage+Extension.swift */; };
		15EC30592CCB727300A0480B /* VersionRecordViewController.swift in Sources */ = {isa = PBXBuildFile; fileRef = 15EC30582CCB727300A0480B /* VersionRecordViewController.swift */; };
		15EC305B2CCB76F500A0480B /* AllFeedbackViewController.swift in Sources */ = {isa = PBXBuildFile; fileRef = 15EC305A2CCB76F500A0480B /* AllFeedbackViewController.swift */; };
		15EC305D2CCB792300A0480B /* FeedbackWriteViewController.swift in Sources */ = {isa = PBXBuildFile; fileRef = 15EC305C2CCB792300A0480B /* FeedbackWriteViewController.swift */; };
		15EC305F2CCB793500A0480B /* FeedbackWriteView.swift in Sources */ = {isa = PBXBuildFile; fileRef = 15EC305E2CCB793500A0480B /* FeedbackWriteView.swift */; };
		15EC30612CCB8E9C00A0480B /* Date+Extension.swift in Sources */ = {isa = PBXBuildFile; fileRef = 15EC30602CCB8E9C00A0480B /* Date+Extension.swift */; };
		15F4FD072CC73D0A00C99A20 /* StarStackView.swift in Sources */ = {isa = PBXBuildFile; fileRef = 15F4FD062CC73D0A00C99A20 /* StarStackView.swift */; };
		15F4FD0F2CC7649A00C99A20 /* BorderView.swift in Sources */ = {isa = PBXBuildFile; fileRef = 15F4FD0E2CC7649A00C99A20 /* BorderView.swift */; };
/* End PBXBuildFile section */

/* Begin PBXFileReference section */
		1502973A2CDB0C9700281377 /* DetailFeedbackCollectionViewCell.swift */ = {isa = PBXFileReference; lastKnownFileType = sourcecode.swift; path = DetailFeedbackCollectionViewCell.swift; sourceTree = "<group>"; };
		152919992CB101BA00438E2B /* 35-seminar.app */ = {isa = PBXFileReference; explicitFileType = wrapper.application; includeInIndex = 0; path = "35-seminar.app"; sourceTree = BUILT_PRODUCTS_DIR; };
		156CD7F52CD77D4800F47DA0 /* CategoryExploreView.swift */ = {isa = PBXFileReference; lastKnownFileType = sourcecode.swift; path = CategoryExploreView.swift; sourceTree = "<group>"; };
		156CD7F72CD77FC800F47DA0 /* ExploreListCollectionViewCell.swift */ = {isa = PBXFileReference; lastKnownFileType = sourcecode.swift; path = ExploreListCollectionViewCell.swift; sourceTree = "<group>"; };
		156CD7F92CD785B000F47DA0 /* AppListCellView.swift */ = {isa = PBXFileReference; lastKnownFileType = sourcecode.swift; path = AppListCellView.swift; sourceTree = "<group>"; };
		156CD7FB2CD791A000F47DA0 /* ExploreListTableViewCell.swift */ = {isa = PBXFileReference; lastKnownFileType = sourcecode.swift; path = ExploreListTableViewCell.swift; sourceTree = "<group>"; };
		1570C8CC2CB43A4C00A43324 /* .gitignore */ = {isa = PBXFileReference; lastKnownFileType = text; path = .gitignore; sourceTree = "<group>"; };
		157119D52CBE962F00362252 /* TitleLabel.swift */ = {isa = PBXFileReference; lastKnownFileType = sourcecode.swift; path = TitleLabel.swift; sourceTree = "<group>"; };
		157119D72CBE965700362252 /* SubtitleLabel.swift */ = {isa = PBXFileReference; lastKnownFileType = sourcecode.swift; path = SubtitleLabel.swift; sourceTree = "<group>"; };
		157119D92CBE96BB00362252 /* ContentLabel.swift */ = {isa = PBXFileReference; lastKnownFileType = sourcecode.swift; path = ContentLabel.swift; sourceTree = "<group>"; };
		157119DC2CBE96F500362252 /* UILabel+Extension.swift */ = {isa = PBXFileReference; lastKnownFileType = sourcecode.swift; path = "UILabel+Extension.swift"; sourceTree = "<group>"; };
		15728FC42CCCAF0100E1E151 /* Feedback.swift */ = {isa = PBXFileReference; lastKnownFileType = sourcecode.swift; path = Feedback.swift; sourceTree = "<group>"; };
		15728FC62CCCAF3100E1E151 /* StarColor.swift */ = {isa = PBXFileReference; lastKnownFileType = sourcecode.swift; path = StarColor.swift; sourceTree = "<group>"; };
		15769B4E2CD11202000DBAD3 /* ChartView.swift */ = {isa = PBXFileReference; lastKnownFileType = sourcecode.swift; path = ChartView.swift; sourceTree = "<group>"; };
		15769B502CD1121C000DBAD3 /* ChartViewController.swift */ = {isa = PBXFileReference; lastKnownFileType = sourcecode.swift; path = ChartViewController.swift; sourceTree = "<group>"; };
		15769B522CD1123B000DBAD3 /* ChartTableViewCell.swift */ = {isa = PBXFileReference; lastKnownFileType = sourcecode.swift; path = ChartTableViewCell.swift; sourceTree = "<group>"; };
		15769B542CD11D99000DBAD3 /* App.swift */ = {isa = PBXFileReference; lastKnownFileType = sourcecode.swift; path = App.swift; sourceTree = "<group>"; };
		15769B562CD11DAE000DBAD3 /* DownloadButtonFactory.swift */ = {isa = PBXFileReference; lastKnownFileType = sourcecode.swift; path = DownloadButtonFactory.swift; sourceTree = "<group>"; };
		15769B582CD1362D000DBAD3 /* Category.swift */ = {isa = PBXFileReference; lastKnownFileType = sourcecode.swift; path = Category.swift; sourceTree = "<group>"; };
		15769B5B2CD13A25000DBAD3 /* Week3PhotoViewController.swift */ = {isa = PBXFileReference; lastKnownFileType = sourcecode.swift; path = Week3PhotoViewController.swift; sourceTree = "<group>"; };
		15769B5D2CD13A51000DBAD3 /* Week3PhotoCollectionViewCell.swift */ = {isa = PBXFileReference; lastKnownFileType = sourcecode.swift; path = Week3PhotoCollectionViewCell.swift; sourceTree = "<group>"; };
		15769B5F2CD13BB8000DBAD3 /* Week3Photo.swift */ = {isa = PBXFileReference; lastKnownFileType = sourcecode.swift; path = Week3Photo.swift; sourceTree = "<group>"; };
		15769B622CD13D79000DBAD3 /* CategoryExploreViewController.swift */ = {isa = PBXFileReference; lastKnownFileType = sourcecode.swift; path = CategoryExploreViewController.swift; sourceTree = "<group>"; };
		15769B642CD13DF1000DBAD3 /* MainExploreViewController.swift */ = {isa = PBXFileReference; lastKnownFileType = sourcecode.swift; path = MainExploreViewController.swift; sourceTree = "<group>"; };
		15769B672CD14916000DBAD3 /* BaseViewController.swift */ = {isa = PBXFileReference; lastKnownFileType = sourcecode.swift; path = BaseViewController.swift; sourceTree = "<group>"; };
		15769B6B2CD14E3A000DBAD3 /* BaseView.swift */ = {isa = PBXFileReference; lastKnownFileType = sourcecode.swift; path = BaseView.swift; sourceTree = "<group>"; };
		15769B6D2CD155F9000DBAD3 /* Int+Extension.swift */ = {isa = PBXFileReference; lastKnownFileType = sourcecode.swift; path = "Int+Extension.swift"; sourceTree = "<group>"; };
		1590A62A2CBE6C6A00FB32AE /* AppDelegate.swift */ = {isa = PBXFileReference; lastKnownFileType = sourcecode.swift; path = AppDelegate.swift; sourceTree = "<group>"; };
		1590A62B2CBE6C6A00FB32AE /* SceneDelegate.swift */ = {isa = PBXFileReference; lastKnownFileType = sourcecode.swift; path = SceneDelegate.swift; sourceTree = "<group>"; };
		1590A62D2CBE6C6A00FB32AE /* Week1DetailView.swift */ = {isa = PBXFileReference; lastKnownFileType = sourcecode.swift; path = Week1DetailView.swift; sourceTree = "<group>"; };
		1590A62E2CBE6C6A00FB32AE /* Week1DetailViewController.swift */ = {isa = PBXFileReference; lastKnownFileType = sourcecode.swift; path = Week1DetailViewController.swift; sourceTree = "<group>"; };
		1590A6302CBE6C6A00FB32AE /* Week1MainView.swift */ = {isa = PBXFileReference; lastKnownFileType = sourcecode.swift; path = Week1MainView.swift; sourceTree = "<group>"; };
		1590A6312CBE6C6A00FB32AE /* Week1MainViewController.swift */ = {isa = PBXFileReference; lastKnownFileType = sourcecode.swift; path = Week1MainViewController.swift; sourceTree = "<group>"; };
		1590A6352CBE6C6A00FB32AE /* Assets.xcassets */ = {isa = PBXFileReference; lastKnownFileType = folder.assetcatalog; path = Assets.xcassets; sourceTree = "<group>"; };
		1590A6372CBE6C6A00FB32AE /* Info.plist */ = {isa = PBXFileReference; lastKnownFileType = text.plist.xml; path = Info.plist; sourceTree = "<group>"; };
		1590A6382CBE6C6A00FB32AE /* Base */ = {isa = PBXFileReference; lastKnownFileType = file.storyboard; name = Base; path = Base.lproj/LaunchScreen.storyboard; sourceTree = "<group>"; };
		1590A6A02CBE737600FB32AE /* Week2ScrollViewController.swift */ = {isa = PBXFileReference; lastKnownFileType = sourcecode.swift; path = Week2ScrollViewController.swift; sourceTree = "<group>"; };
		1590A6A32CBE8A9200FB32AE /* DetailViewController.swift */ = {isa = PBXFileReference; lastKnownFileType = sourcecode.swift; path = DetailViewController.swift; sourceTree = "<group>"; };
		159987502CD9DF6900692C78 /* ExploreBannerTableViewCell.swift */ = {isa = PBXFileReference; lastKnownFileType = sourcecode.swift; path = ExploreBannerTableViewCell.swift; sourceTree = "<group>"; };
		159987522CDA234E00692C78 /* ExploreBannerCollectionViewCell.swift */ = {isa = PBXFileReference; lastKnownFileType = sourcecode.swift; path = ExploreBannerCollectionViewCell.swift; sourceTree = "<group>"; };
		159987542CDAA5E200692C78 /* ExploreListTableViewHeader.swift */ = {isa = PBXFileReference; lastKnownFileType = sourcecode.swift; path = ExploreListTableViewHeader.swift; sourceTree = "<group>"; };
		159987562CDAA92F00692C78 /* ExploreSection.swift */ = {isa = PBXFileReference; lastKnownFileType = sourcecode.swift; path = ExploreSection.swift; sourceTree = "<group>"; };
		1599875A2CDAD9EE00692C78 /* ChartTableViewHeader.swift */ = {isa = PBXFileReference; lastKnownFileType = sourcecode.swift; path = ChartTableViewHeader.swift; sourceTree = "<group>"; };
		1599875C2CDAE72F00692C78 /* DetailPreviewCollectionViewCell.swift */ = {isa = PBXFileReference; lastKnownFileType = sourcecode.swift; path = DetailPreviewCollectionViewCell.swift; sourceTree = "<group>"; };
		15EC30522CCA434700A0480B /* UIButton+Extension.swift */ = {isa = PBXFileReference; lastKnownFileType = sourcecode.swift; path = "UIButton+Extension.swift"; sourceTree = "<group>"; };
		15EC30542CCAB69000A0480B /* DetailView.swift */ = {isa = PBXFileReference; lastKnownFileType = sourcecode.swift; path = DetailView.swift; sourceTree = "<group>"; };
		15EC30562CCAC33700A0480B /* UIImage+Extension.swift */ = {isa = PBXFileReference; lastKnownFileType = sourcecode.swift; path = "UIImage+Extension.swift"; sourceTree = "<group>"; };
		15EC30582CCB727300A0480B /* VersionRecordViewController.swift */ = {isa = PBXFileReference; lastKnownFileType = sourcecode.swift; path = VersionRecordViewController.swift; sourceTree = "<group>"; };
		15EC305A2CCB76F500A0480B /* AllFeedbackViewController.swift */ = {isa = PBXFileReference; lastKnownFileType = sourcecode.swift; path = AllFeedbackViewController.swift; sourceTree = "<group>"; };
		15EC305C2CCB792300A0480B /* FeedbackWriteViewController.swift */ = {isa = PBXFileReference; lastKnownFileType = sourcecode.swift; path = FeedbackWriteViewController.swift; sourceTree = "<group>"; };
		15EC305E2CCB793500A0480B /* FeedbackWriteView.swift */ = {isa = PBXFileReference; lastKnownFileType = sourcecode.swift; path = FeedbackWriteView.swift; sourceTree = "<group>"; };
		15EC30602CCB8E9C00A0480B /* Date+Extension.swift */ = {isa = PBXFileReference; lastKnownFileType = sourcecode.swift; path = "Date+Extension.swift"; sourceTree = "<group>"; };
		15F4FD062CC73D0A00C99A20 /* StarStackView.swift */ = {isa = PBXFileReference; lastKnownFileType = sourcecode.swift; path = StarStackView.swift; sourceTree = "<group>"; };
		15F4FD0E2CC7649A00C99A20 /* BorderView.swift */ = {isa = PBXFileReference; lastKnownFileType = sourcecode.swift; path = BorderView.swift; sourceTree = "<group>"; };
/* End PBXFileReference section */

/* Begin PBXFrameworksBuildPhase section */
		152919962CB101BA00438E2B /* Frameworks */ = {
			isa = PBXFrameworksBuildPhase;
			buildActionMask = 2147483647;
			files = (
				152919B72CB10FE200438E2B /* SnapKit in Frameworks */,
			);
			runOnlyForDeploymentPostprocessing = 0;
		};
/* End PBXFrameworksBuildPhase section */

/* Begin PBXGroup section */
		1502973C2CDB2BFE00281377 /* View */ = {
			isa = PBXGroup;
			children = (
				156CD7F52CD77D4800F47DA0 /* CategoryExploreView.swift */,
			);
			path = View;
			sourceTree = "<group>";
		};
		1502973D2CDB2C0500281377 /* ViewController */ = {
			isa = PBXGroup;
			children = (
				15769B642CD13DF1000DBAD3 /* MainExploreViewController.swift */,
				15769B622CD13D79000DBAD3 /* CategoryExploreViewController.swift */,
			);
			path = ViewController;
			sourceTree = "<group>";
		};
		1502973E2CDB2C0C00281377 /* Cell */ = {
			isa = PBXGroup;
			children = (
				159987502CD9DF6900692C78 /* ExploreBannerTableViewCell.swift */,
				159987522CDA234E00692C78 /* ExploreBannerCollectionViewCell.swift */,
				156CD7FB2CD791A000F47DA0 /* ExploreListTableViewCell.swift */,
				159987542CDAA5E200692C78 /* ExploreListTableViewHeader.swift */,
				156CD7F72CD77FC800F47DA0 /* ExploreListCollectionViewCell.swift */,
			);
			path = Cell;
			sourceTree = "<group>";
		};
		1502973F2CDB2C3700281377 /* View */ = {
			isa = PBXGroup;
			children = (
				15769B4E2CD11202000DBAD3 /* ChartView.swift */,
			);
			path = View;
			sourceTree = "<group>";
		};
		150297402CDB2C4000281377 /* ViewController */ = {
			isa = PBXGroup;
			children = (
				15769B502CD1121C000DBAD3 /* ChartViewController.swift */,
			);
			path = ViewController;
			sourceTree = "<group>";
		};
		150297412CDB2C5300281377 /* Cell */ = {
			isa = PBXGroup;
			children = (
				15769B522CD1123B000DBAD3 /* ChartTableViewCell.swift */,
				1599875A2CDAD9EE00692C78 /* ChartTableViewHeader.swift */,
			);
			path = Cell;
			sourceTree = "<group>";
		};
		150297422CDB2C6900281377 /* ViewController */ = {
			isa = PBXGroup;
			children = (
				1590A6A32CBE8A9200FB32AE /* DetailViewController.swift */,
				15EC305A2CCB76F500A0480B /* AllFeedbackViewController.swift */,
				15EC305C2CCB792300A0480B /* FeedbackWriteViewController.swift */,
				15EC30582CCB727300A0480B /* VersionRecordViewController.swift */,
			);
			path = ViewController;
			sourceTree = "<group>";
		};
		150297432CDB2C7000281377 /* View */ = {
			isa = PBXGroup;
			children = (
				15EC30542CCAB69000A0480B /* DetailView.swift */,
				15EC305E2CCB793500A0480B /* FeedbackWriteView.swift */,
			);
			path = View;
			sourceTree = "<group>";
		};
		150297442CDB2C7400281377 /* Cell */ = {
			isa = PBXGroup;
			children = (
				1502973A2CDB0C9700281377 /* DetailFeedbackCollectionViewCell.swift */,
				1599875C2CDAE72F00692C78 /* DetailPreviewCollectionViewCell.swift */,
			);
			path = Cell;
			sourceTree = "<group>";
		};
		152919902CB101BA00438E2B = {
			isa = PBXGroup;
			children = (
				1570C8CC2CB43A4C00A43324 /* .gitignore */,
				1590A63C2CBE6C6A00FB32AE /* 35-seminar */,
				1529199A2CB101BA00438E2B /* Products */,
			);
			sourceTree = "<group>";
		};
		1529199A2CB101BA00438E2B /* Products */ = {
			isa = PBXGroup;
			children = (
				152919992CB101BA00438E2B /* 35-seminar.app */,
			);
			name = Products;
			sourceTree = "<group>";
		};
		157119D42CBE8FB700362252 /* Reusables */ = {
			isa = PBXGroup;
			children = (
				156CD7F92CD785B000F47DA0 /* AppListCellView.swift */,
				15F4FD0E2CC7649A00C99A20 /* BorderView.swift */,
				15F4FD062CC73D0A00C99A20 /* StarStackView.swift */,
				157119D52CBE962F00362252 /* TitleLabel.swift */,
				157119D72CBE965700362252 /* SubtitleLabel.swift */,
				157119D92CBE96BB00362252 /* ContentLabel.swift */,
			);
			path = Reusables;
			sourceTree = "<group>";
		};
		157119DB2CBE96DE00362252 /* Extensions */ = {
			isa = PBXGroup;
			children = (
				15EC30602CCB8E9C00A0480B /* Date+Extension.swift */,
				15769B6D2CD155F9000DBAD3 /* Int+Extension.swift */,
				15EC30522CCA434700A0480B /* UIButton+Extension.swift */,
				15EC30562CCAC33700A0480B /* UIImage+Extension.swift */,
				157119DC2CBE96F500362252 /* UILabel+Extension.swift */,
			);
			path = Extensions;
			sourceTree = "<group>";
		};
		15728FC32CCCAEE000E1E151 /* Entity */ = {
			isa = PBXGroup;
			children = (
				15769B542CD11D99000DBAD3 /* App.swift */,
				15769B582CD1362D000DBAD3 /* Category.swift */,
				159987562CDAA92F00692C78 /* ExploreSection.swift */,
				15769B562CD11DAE000DBAD3 /* DownloadButtonFactory.swift */,
				15728FC42CCCAF0100E1E151 /* Feedback.swift */,
				15728FC62CCCAF3100E1E151 /* StarColor.swift */,
			);
			path = Entity;
			sourceTree = "<group>";
		};
		15769B482CD0EB42000DBAD3 /* Practice */ = {
			isa = PBXGroup;
			children = (
				1590A6332CBE6C6A00FB32AE /* Week1 */,
				1590A69F2CBE719000FB32AE /* Week2 */,
				15769B5A2CD139F0000DBAD3 /* Week3 */,
			);
			path = Practice;
			sourceTree = "<group>";
		};
		15769B492CD0EBCB000DBAD3 /* Util */ = {
			isa = PBXGroup;
			children = (
				15769B662CD148F9000DBAD3 /* Bases */,
				157119DB2CBE96DE00362252 /* Extensions */,
				157119D42CBE8FB700362252 /* Reusables */,
			);
			path = Util;
			sourceTree = "<group>";
		};
		15769B4A2CD0ECE9000DBAD3 /* Appstore */ = {
			isa = PBXGroup;
			children = (
				15769B612CD13D5B000DBAD3 /* Explore */,
				15769B4D2CD111A3000DBAD3 /* Chart */,
				15F4FD082CC73E1D00C99A20 /* Detail */,
			);
			path = Appstore;
			sourceTree = "<group>";
		};
		15769B4D2CD111A3000DBAD3 /* Chart */ = {
			isa = PBXGroup;
			children = (
				150297412CDB2C5300281377 /* Cell */,
				1502973F2CDB2C3700281377 /* View */,
				150297402CDB2C4000281377 /* ViewController */,
			);
			path = Chart;
			sourceTree = "<group>";
		};
		15769B5A2CD139F0000DBAD3 /* Week3 */ = {
			isa = PBXGroup;
			children = (
				15769B5F2CD13BB8000DBAD3 /* Week3Photo.swift */,
				15769B5B2CD13A25000DBAD3 /* Week3PhotoViewController.swift */,
				15769B5D2CD13A51000DBAD3 /* Week3PhotoCollectionViewCell.swift */,
			);
			path = Week3;
			sourceTree = "<group>";
		};
		15769B612CD13D5B000DBAD3 /* Explore */ = {
			isa = PBXGroup;
			children = (
				1502973E2CDB2C0C00281377 /* Cell */,
				1502973C2CDB2BFE00281377 /* View */,
				1502973D2CDB2C0500281377 /* ViewController */,
			);
			path = Explore;
			sourceTree = "<group>";
		};
		15769B662CD148F9000DBAD3 /* Bases */ = {
			isa = PBXGroup;
			children = (
				15769B6B2CD14E3A000DBAD3 /* BaseView.swift */,
				15769B672CD14916000DBAD3 /* BaseViewController.swift */,
			);
			path = Bases;
			sourceTree = "<group>";
		};
		1590A62C2CBE6C6A00FB32AE /* Application */ = {
			isa = PBXGroup;
			children = (
				1590A62A2CBE6C6A00FB32AE /* AppDelegate.swift */,
				1590A62B2CBE6C6A00FB32AE /* SceneDelegate.swift */,
			);
			path = Application;
			sourceTree = "<group>";
		};
		1590A6332CBE6C6A00FB32AE /* Week1 */ = {
			isa = PBXGroup;
			children = (
				1590A62D2CBE6C6A00FB32AE /* Week1DetailView.swift */,
				1590A62E2CBE6C6A00FB32AE /* Week1DetailViewController.swift */,
				1590A6302CBE6C6A00FB32AE /* Week1MainView.swift */,
				1590A6312CBE6C6A00FB32AE /* Week1MainViewController.swift */,
			);
			path = Week1;
			sourceTree = "<group>";
		};
		1590A6342CBE6C6A00FB32AE /* Presentation */ = {
			isa = PBXGroup;
			children = (
				15769B4A2CD0ECE9000DBAD3 /* Appstore */,
				15769B492CD0EBCB000DBAD3 /* Util */,
				15769B482CD0EB42000DBAD3 /* Practice */,
				1590A6392CBE6C6A00FB32AE /* LaunchScreen.storyboard */,
			);
			path = Presentation;
			sourceTree = "<group>";
		};
		1590A63C2CBE6C6A00FB32AE /* 35-seminar */ = {
			isa = PBXGroup;
			children = (
				1590A62C2CBE6C6A00FB32AE /* Application */,
				15728FC32CCCAEE000E1E151 /* Entity */,
				1590A6342CBE6C6A00FB32AE /* Presentation */,
				1590A6492CBE6C7700FB32AE /* Resource */,
			);
			path = "35-seminar";
			sourceTree = "<group>";
		};
		1590A6492CBE6C7700FB32AE /* Resource */ = {
			isa = PBXGroup;
			children = (
				1590A6352CBE6C6A00FB32AE /* Assets.xcassets */,
				1590A6372CBE6C6A00FB32AE /* Info.plist */,
			);
			path = Resource;
			sourceTree = "<group>";
		};
		1590A69F2CBE719000FB32AE /* Week2 */ = {
			isa = PBXGroup;
			children = (
				1590A6A02CBE737600FB32AE /* Week2ScrollViewController.swift */,
			);
			path = Week2;
			sourceTree = "<group>";
		};
		15F4FD082CC73E1D00C99A20 /* Detail */ = {
			isa = PBXGroup;
			children = (
				150297442CDB2C7400281377 /* Cell */,
				150297432CDB2C7000281377 /* View */,
				150297422CDB2C6900281377 /* ViewController */,
			);
			path = Detail;
			sourceTree = "<group>";
		};
/* End PBXGroup section */

/* Begin PBXNativeTarget section */
		152919982CB101BA00438E2B /* 35-seminar */ = {
			isa = PBXNativeTarget;
			buildConfigurationList = 152919AC2CB101BB00438E2B /* Build configuration list for PBXNativeTarget "35-seminar" */;
			buildPhases = (
				152919952CB101BA00438E2B /* Sources */,
				152919962CB101BA00438E2B /* Frameworks */,
				152919972CB101BA00438E2B /* Resources */,
			);
			buildRules = (
			);
			dependencies = (
			);
			name = "35-seminar";
			packageProductDependencies = (
				152919B62CB10FE200438E2B /* SnapKit */,
			);
			productName = "35-seminar";
			productReference = 152919992CB101BA00438E2B /* 35-seminar.app */;
			productType = "com.apple.product-type.application";
		};
/* End PBXNativeTarget section */

/* Begin PBXProject section */
		152919912CB101BA00438E2B /* Project object */ = {
			isa = PBXProject;
			attributes = {
				BuildIndependentTargetsInParallel = 1;
				LastSwiftUpdateCheck = 1600;
				LastUpgradeCheck = 1600;
				TargetAttributes = {
					152919982CB101BA00438E2B = {
						CreatedOnToolsVersion = 16.0;
					};
				};
			};
			buildConfigurationList = 152919942CB101BA00438E2B /* Build configuration list for PBXProject "35-seminar" */;
			developmentRegion = en;
			hasScannedForEncodings = 0;
			knownRegions = (
				en,
				Base,
			);
			mainGroup = 152919902CB101BA00438E2B;
			minimizedProjectReferenceProxies = 1;
			packageReferences = (
				152919B52CB10FE200438E2B /* XCRemoteSwiftPackageReference "SnapKit" */,
			);
			preferredProjectObjectVersion = 77;
			productRefGroup = 1529199A2CB101BA00438E2B /* Products */;
			projectDirPath = "";
			projectRoot = "";
			targets = (
				152919982CB101BA00438E2B /* 35-seminar */,
			);
		};
/* End PBXProject section */

/* Begin PBXResourcesBuildPhase section */
		152919972CB101BA00438E2B /* Resources */ = {
			isa = PBXResourcesBuildPhase;
			buildActionMask = 2147483647;
			files = (
				1570C8CD2CB43A4C00A43324 /* .gitignore in Resources */,
				1590A63D2CBE6C6A00FB32AE /* Assets.xcassets in Resources */,
				1590A63F2CBE6C6A00FB32AE /* LaunchScreen.storyboard in Resources */,
			);
			runOnlyForDeploymentPostprocessing = 0;
		};
/* End PBXResourcesBuildPhase section */

/* Begin PBXSourcesBuildPhase section */
		152919952CB101BA00438E2B /* Sources */ = {
			isa = PBXSourcesBuildPhase;
			buildActionMask = 2147483647;
			files = (
				156CD7F82CD77FC800F47DA0 /* ExploreListCollectionViewCell.swift in Sources */,
				156CD7F62CD77D4800F47DA0 /* CategoryExploreView.swift in Sources */,
				15EC30592CCB727300A0480B /* VersionRecordViewController.swift in Sources */,
				15769B5E2CD13A51000DBAD3 /* Week3PhotoCollectionViewCell.swift in Sources */,
				15EC30612CCB8E9C00A0480B /* Date+Extension.swift in Sources */,
				1590A6A12CBE737600FB32AE /* Week2ScrollViewController.swift in Sources */,
				15728FC72CCCAF3100E1E151 /* StarColor.swift in Sources */,
				15769B682CD14916000DBAD3 /* BaseViewController.swift in Sources */,
				157119D82CBE965700362252 /* SubtitleLabel.swift in Sources */,
				15769B572CD11DAE000DBAD3 /* DownloadButtonFactory.swift in Sources */,
				15769B552CD11D99000DBAD3 /* App.swift in Sources */,
				15EC30552CCAB69000A0480B /* DetailView.swift in Sources */,
				1599875D2CDAE72F00692C78 /* DetailPreviewCollectionViewCell.swift in Sources */,
				1590A6402CBE6C6A00FB32AE /* AppDelegate.swift in Sources */,
				159987512CD9DF6900692C78 /* ExploreBannerTableViewCell.swift in Sources */,
				1590A6412CBE6C6A00FB32AE /* SceneDelegate.swift in Sources */,
				157119D62CBE962F00362252 /* TitleLabel.swift in Sources */,
				156CD7FA2CD785B000F47DA0 /* AppListCellView.swift in Sources */,
				15769B6C2CD14E3A000DBAD3 /* BaseView.swift in Sources */,
				15769B592CD1362D000DBAD3 /* Category.swift in Sources */,
				15EC30532CCA434700A0480B /* UIButton+Extension.swift in Sources */,
				1590A6A42CBE8A9200FB32AE /* DetailViewController.swift in Sources */,
				1590A6422CBE6C6A00FB32AE /* Week1DetailView.swift in Sources */,
				157119DA2CBE96BB00362252 /* ContentLabel.swift in Sources */,
				1590A6432CBE6C6A00FB32AE /* Week1DetailViewController.swift in Sources */,
				15769B602CD13BB8000DBAD3 /* Week3Photo.swift in Sources */,
				1599875B2CDAD9EE00692C78 /* ChartTableViewHeader.swift in Sources */,
				1590A6442CBE6C6A00FB32AE /* Week1MainView.swift in Sources */,
				15769B6E2CD155F9000DBAD3 /* Int+Extension.swift in Sources */,
				159987552CDAA5E200692C78 /* ExploreListTableViewHeader.swift in Sources */,
				15EC305D2CCB792300A0480B /* FeedbackWriteViewController.swift in Sources */,
				15769B5C2CD13A25000DBAD3 /* Week3PhotoViewController.swift in Sources */,
				15F4FD072CC73D0A00C99A20 /* StarStackView.swift in Sources */,
				15769B512CD1121C000DBAD3 /* ChartViewController.swift in Sources */,
				15769B532CD1123B000DBAD3 /* ChartTableViewCell.swift in Sources */,
				159987532CDA234E00692C78 /* ExploreBannerCollectionViewCell.swift in Sources */,
				157119DD2CBE96F500362252 /* UILabel+Extension.swift in Sources */,
				159987572CDAA92F00692C78 /* ExploreSection.swift in Sources */,
				15F4FD0F2CC7649A00C99A20 /* BorderView.swift in Sources */,
				15769B652CD13DF1000DBAD3 /* MainExploreViewController.swift in Sources */,
				1502973B2CDB0C9700281377 /* DetailFeedbackCollectionViewCell.swift in Sources */,
				15EC305F2CCB793500A0480B /* FeedbackWriteView.swift in Sources */,
				15EC305B2CCB76F500A0480B /* AllFeedbackViewController.swift in Sources */,
				15EC30572CCAC33700A0480B /* UIImage+Extension.swift in Sources */,
				15769B632CD13D79000DBAD3 /* CategoryExploreViewController.swift in Sources */,
				1590A6452CBE6C6A00FB32AE /* Week1MainViewController.swift in Sources */,
				156CD7FC2CD791A100F47DA0 /* ExploreListTableViewCell.swift in Sources */,
				15769B4F2CD11202000DBAD3 /* ChartView.swift in Sources */,
				15728FC52CCCAF0100E1E151 /* Feedback.swift in Sources */,
			);
			runOnlyForDeploymentPostprocessing = 0;
		};
/* End PBXSourcesBuildPhase section */

/* Begin PBXVariantGroup section */
		1590A6392CBE6C6A00FB32AE /* LaunchScreen.storyboard */ = {
			isa = PBXVariantGroup;
			children = (
				1590A6382CBE6C6A00FB32AE /* Base */,
			);
			name = LaunchScreen.storyboard;
			sourceTree = "<group>";
		};
/* End PBXVariantGroup section */

/* Begin XCBuildConfiguration section */
		152919AD2CB101BB00438E2B /* Debug */ = {
			isa = XCBuildConfiguration;
			buildSettings = {
				ASSETCATALOG_COMPILER_APPICON_NAME = AppIcon;
				ASSETCATALOG_COMPILER_GLOBAL_ACCENT_COLOR_NAME = AccentColor;
				CODE_SIGN_STYLE = Automatic;
				CURRENT_PROJECT_VERSION = 1;
				DEVELOPMENT_TEAM = FB44T8T3FL;
				GENERATE_INFOPLIST_FILE = YES;
				INFOPLIST_FILE = "35-seminar/Resource/Info.plist";
				INFOPLIST_KEY_UIApplicationSupportsIndirectInputEvents = YES;
				INFOPLIST_KEY_UILaunchStoryboardName = LaunchScreen;
				INFOPLIST_KEY_UISupportedInterfaceOrientations_iPad = "UIInterfaceOrientationPortrait UIInterfaceOrientationPortraitUpsideDown UIInterfaceOrientationLandscapeLeft UIInterfaceOrientationLandscapeRight";
				INFOPLIST_KEY_UISupportedInterfaceOrientations_iPhone = "UIInterfaceOrientationPortrait UIInterfaceOrientationLandscapeLeft UIInterfaceOrientationLandscapeRight";
				IPHONEOS_DEPLOYMENT_TARGET = 16.6;
				LD_RUNPATH_SEARCH_PATHS = (
					"$(inherited)",
					"@executable_path/Frameworks",
				);
				MARKETING_VERSION = 1.0;
				PRODUCT_BUNDLE_IDENTIFIER = "com.yurim.-5-seminar";
				PRODUCT_NAME = "$(TARGET_NAME)";
				SWIFT_EMIT_LOC_STRINGS = YES;
				SWIFT_VERSION = 5.0;
				TARGETED_DEVICE_FAMILY = "1,2";
			};
			name = Debug;
		};
		152919AE2CB101BB00438E2B /* Release */ = {
			isa = XCBuildConfiguration;
			buildSettings = {
				ASSETCATALOG_COMPILER_APPICON_NAME = AppIcon;
				ASSETCATALOG_COMPILER_GLOBAL_ACCENT_COLOR_NAME = AccentColor;
				CODE_SIGN_STYLE = Automatic;
				CURRENT_PROJECT_VERSION = 1;
				DEVELOPMENT_TEAM = FB44T8T3FL;
				GENERATE_INFOPLIST_FILE = YES;
				INFOPLIST_FILE = "35-seminar/Resource/Info.plist";
				INFOPLIST_KEY_UIApplicationSupportsIndirectInputEvents = YES;
				INFOPLIST_KEY_UILaunchStoryboardName = LaunchScreen;
				INFOPLIST_KEY_UISupportedInterfaceOrientations_iPad = "UIInterfaceOrientationPortrait UIInterfaceOrientationPortraitUpsideDown UIInterfaceOrientationLandscapeLeft UIInterfaceOrientationLandscapeRight";
				INFOPLIST_KEY_UISupportedInterfaceOrientations_iPhone = "UIInterfaceOrientationPortrait UIInterfaceOrientationLandscapeLeft UIInterfaceOrientationLandscapeRight";
				IPHONEOS_DEPLOYMENT_TARGET = 16.6;
				LD_RUNPATH_SEARCH_PATHS = (
					"$(inherited)",
					"@executable_path/Frameworks",
				);
				MARKETING_VERSION = 1.0;
				PRODUCT_BUNDLE_IDENTIFIER = "com.yurim.-5-seminar";
				PRODUCT_NAME = "$(TARGET_NAME)";
				SWIFT_EMIT_LOC_STRINGS = YES;
				SWIFT_VERSION = 5.0;
				TARGETED_DEVICE_FAMILY = "1,2";
			};
			name = Release;
		};
		152919AF2CB101BB00438E2B /* Debug */ = {
			isa = XCBuildConfiguration;
			buildSettings = {
				ALWAYS_SEARCH_USER_PATHS = NO;
				ASSETCATALOG_COMPILER_GENERATE_SWIFT_ASSET_SYMBOL_EXTENSIONS = YES;
				CLANG_ANALYZER_NONNULL = YES;
				CLANG_ANALYZER_NUMBER_OBJECT_CONVERSION = YES_AGGRESSIVE;
				CLANG_CXX_LANGUAGE_STANDARD = "gnu++20";
				CLANG_ENABLE_MODULES = YES;
				CLANG_ENABLE_OBJC_ARC = YES;
				CLANG_ENABLE_OBJC_WEAK = YES;
				CLANG_WARN_BLOCK_CAPTURE_AUTORELEASING = YES;
				CLANG_WARN_BOOL_CONVERSION = YES;
				CLANG_WARN_COMMA = YES;
				CLANG_WARN_CONSTANT_CONVERSION = YES;
				CLANG_WARN_DEPRECATED_OBJC_IMPLEMENTATIONS = YES;
				CLANG_WARN_DIRECT_OBJC_ISA_USAGE = YES_ERROR;
				CLANG_WARN_DOCUMENTATION_COMMENTS = YES;
				CLANG_WARN_EMPTY_BODY = YES;
				CLANG_WARN_ENUM_CONVERSION = YES;
				CLANG_WARN_INFINITE_RECURSION = YES;
				CLANG_WARN_INT_CONVERSION = YES;
				CLANG_WARN_NON_LITERAL_NULL_CONVERSION = YES;
				CLANG_WARN_OBJC_IMPLICIT_RETAIN_SELF = YES;
				CLANG_WARN_OBJC_LITERAL_CONVERSION = YES;
				CLANG_WARN_OBJC_ROOT_CLASS = YES_ERROR;
				CLANG_WARN_QUOTED_INCLUDE_IN_FRAMEWORK_HEADER = YES;
				CLANG_WARN_RANGE_LOOP_ANALYSIS = YES;
				CLANG_WARN_STRICT_PROTOTYPES = YES;
				CLANG_WARN_SUSPICIOUS_MOVE = YES;
				CLANG_WARN_UNGUARDED_AVAILABILITY = YES_AGGRESSIVE;
				CLANG_WARN_UNREACHABLE_CODE = YES;
				CLANG_WARN__DUPLICATE_METHOD_MATCH = YES;
				COPY_PHASE_STRIP = NO;
				DEBUG_INFORMATION_FORMAT = dwarf;
				ENABLE_STRICT_OBJC_MSGSEND = YES;
				ENABLE_TESTABILITY = YES;
				ENABLE_USER_SCRIPT_SANDBOXING = YES;
				GCC_C_LANGUAGE_STANDARD = gnu17;
				GCC_DYNAMIC_NO_PIC = NO;
				GCC_NO_COMMON_BLOCKS = YES;
				GCC_OPTIMIZATION_LEVEL = 0;
				GCC_PREPROCESSOR_DEFINITIONS = (
					"DEBUG=1",
					"$(inherited)",
				);
				GCC_WARN_64_TO_32_BIT_CONVERSION = YES;
				GCC_WARN_ABOUT_RETURN_TYPE = YES_ERROR;
				GCC_WARN_UNDECLARED_SELECTOR = YES;
				GCC_WARN_UNINITIALIZED_AUTOS = YES_AGGRESSIVE;
				GCC_WARN_UNUSED_FUNCTION = YES;
				GCC_WARN_UNUSED_VARIABLE = YES;
				IPHONEOS_DEPLOYMENT_TARGET = 18.0;
				LOCALIZATION_PREFERS_STRING_CATALOGS = YES;
				MTL_ENABLE_DEBUG_INFO = INCLUDE_SOURCE;
				MTL_FAST_MATH = YES;
				ONLY_ACTIVE_ARCH = YES;
				SDKROOT = iphoneos;
				SWIFT_ACTIVE_COMPILATION_CONDITIONS = "DEBUG $(inherited)";
				SWIFT_OPTIMIZATION_LEVEL = "-Onone";
			};
			name = Debug;
		};
		152919B02CB101BB00438E2B /* Release */ = {
			isa = XCBuildConfiguration;
			buildSettings = {
				ALWAYS_SEARCH_USER_PATHS = NO;
				ASSETCATALOG_COMPILER_GENERATE_SWIFT_ASSET_SYMBOL_EXTENSIONS = YES;
				CLANG_ANALYZER_NONNULL = YES;
				CLANG_ANALYZER_NUMBER_OBJECT_CONVERSION = YES_AGGRESSIVE;
				CLANG_CXX_LANGUAGE_STANDARD = "gnu++20";
				CLANG_ENABLE_MODULES = YES;
				CLANG_ENABLE_OBJC_ARC = YES;
				CLANG_ENABLE_OBJC_WEAK = YES;
				CLANG_WARN_BLOCK_CAPTURE_AUTORELEASING = YES;
				CLANG_WARN_BOOL_CONVERSION = YES;
				CLANG_WARN_COMMA = YES;
				CLANG_WARN_CONSTANT_CONVERSION = YES;
				CLANG_WARN_DEPRECATED_OBJC_IMPLEMENTATIONS = YES;
				CLANG_WARN_DIRECT_OBJC_ISA_USAGE = YES_ERROR;
				CLANG_WARN_DOCUMENTATION_COMMENTS = YES;
				CLANG_WARN_EMPTY_BODY = YES;
				CLANG_WARN_ENUM_CONVERSION = YES;
				CLANG_WARN_INFINITE_RECURSION = YES;
				CLANG_WARN_INT_CONVERSION = YES;
				CLANG_WARN_NON_LITERAL_NULL_CONVERSION = YES;
				CLANG_WARN_OBJC_IMPLICIT_RETAIN_SELF = YES;
				CLANG_WARN_OBJC_LITERAL_CONVERSION = YES;
				CLANG_WARN_OBJC_ROOT_CLASS = YES_ERROR;
				CLANG_WARN_QUOTED_INCLUDE_IN_FRAMEWORK_HEADER = YES;
				CLANG_WARN_RANGE_LOOP_ANALYSIS = YES;
				CLANG_WARN_STRICT_PROTOTYPES = YES;
				CLANG_WARN_SUSPICIOUS_MOVE = YES;
				CLANG_WARN_UNGUARDED_AVAILABILITY = YES_AGGRESSIVE;
				CLANG_WARN_UNREACHABLE_CODE = YES;
				CLANG_WARN__DUPLICATE_METHOD_MATCH = YES;
				COPY_PHASE_STRIP = NO;
				DEBUG_INFORMATION_FORMAT = "dwarf-with-dsym";
				ENABLE_NS_ASSERTIONS = NO;
				ENABLE_STRICT_OBJC_MSGSEND = YES;
				ENABLE_USER_SCRIPT_SANDBOXING = YES;
				GCC_C_LANGUAGE_STANDARD = gnu17;
				GCC_NO_COMMON_BLOCKS = YES;
				GCC_WARN_64_TO_32_BIT_CONVERSION = YES;
				GCC_WARN_ABOUT_RETURN_TYPE = YES_ERROR;
				GCC_WARN_UNDECLARED_SELECTOR = YES;
				GCC_WARN_UNINITIALIZED_AUTOS = YES_AGGRESSIVE;
				GCC_WARN_UNUSED_FUNCTION = YES;
				GCC_WARN_UNUSED_VARIABLE = YES;
				IPHONEOS_DEPLOYMENT_TARGET = 18.0;
				LOCALIZATION_PREFERS_STRING_CATALOGS = YES;
				MTL_ENABLE_DEBUG_INFO = NO;
				MTL_FAST_MATH = YES;
				SDKROOT = iphoneos;
				SWIFT_COMPILATION_MODE = wholemodule;
				VALIDATE_PRODUCT = YES;
			};
			name = Release;
		};
/* End XCBuildConfiguration section */

/* Begin XCConfigurationList section */
		152919942CB101BA00438E2B /* Build configuration list for PBXProject "35-seminar" */ = {
			isa = XCConfigurationList;
			buildConfigurations = (
				152919AF2CB101BB00438E2B /* Debug */,
				152919B02CB101BB00438E2B /* Release */,
			);
			defaultConfigurationIsVisible = 0;
			defaultConfigurationName = Release;
		};
		152919AC2CB101BB00438E2B /* Build configuration list for PBXNativeTarget "35-seminar" */ = {
			isa = XCConfigurationList;
			buildConfigurations = (
				152919AD2CB101BB00438E2B /* Debug */,
				152919AE2CB101BB00438E2B /* Release */,
			);
			defaultConfigurationIsVisible = 0;
			defaultConfigurationName = Release;
		};
/* End XCConfigurationList section */

/* Begin XCRemoteSwiftPackageReference section */
		152919B52CB10FE200438E2B /* XCRemoteSwiftPackageReference "SnapKit" */ = {
			isa = XCRemoteSwiftPackageReference;
			repositoryURL = "https://github.com/SnapKit/SnapKit.git";
			requirement = {
				kind = upToNextMajorVersion;
				minimumVersion = 5.7.1;
			};
		};
/* End XCRemoteSwiftPackageReference section */

/* Begin XCSwiftPackageProductDependency section */
		152919B62CB10FE200438E2B /* SnapKit */ = {
			isa = XCSwiftPackageProductDependency;
			package = 152919B52CB10FE200438E2B /* XCRemoteSwiftPackageReference "SnapKit" */;
			productName = SnapKit;
		};
/* End XCSwiftPackageProductDependency section */
	};
	rootObject = 152919912CB101BA00438E2B /* Project object */;
}
