// !$*UTF8*$!
{
	archiveVersion = 1;
	classes = {
	};
	objectVersion = 77;
	objects = {

/* Begin PBXBuildFile section */
		15B538B12CBA55EF0025E28B /* .gitignore in Resources */ = {isa = PBXBuildFile; fileRef = 15B538A92CBA55EF0025E28B /* .gitignore */; };
		15B538B22CBA55EF0025E28B /* Assets.xcassets in Resources */ = {isa = PBXBuildFile; fileRef = 15B538AB2CBA55EF0025E28B /* Assets.xcassets */; };
		15B538B42CBA55EF0025E28B /* LaunchScreen.storyboard in Resources */ = {isa = PBXBuildFile; fileRef = 15B538AE2CBA55EF0025E28B /* LaunchScreen.storyboard */; };
		15B538B52CBA55EF0025E28B /* MainViewController.swift in Sources */ = {isa = PBXBuildFile; fileRef = 15B538A72CBA55EF0025E28B /* MainViewController.swift */; };
		15B538B62CBA55EF0025E28B /* AppDelegate.swift in Sources */ = {isa = PBXBuildFile; fileRef = 15B538AA2CBA55EF0025E28B /* AppDelegate.swift */; };
		15B538B72CBA55EF0025E28B /* SceneDelegate.swift in Sources */ = {isa = PBXBuildFile; fileRef = 15B538AF2CBA55EF0025E28B /* SceneDelegate.swift */; };
		15B538BC2CBA56A50025E28B /* MainView.swift in Sources */ = {isa = PBXBuildFile; fileRef = 15B538BB2CBA56A50025E28B /* MainView.swift */; };
		15B538BE2CBA56AE0025E28B /* DetailView.swift in Sources */ = {isa = PBXBuildFile; fileRef = 15B538BD2CBA56AE0025E28B /* DetailView.swift */; };
		15B538C02CBA56BA0025E28B /* DetailViewController.swift in Sources */ = {isa = PBXBuildFile; fileRef = 15B538BF2CBA56BA0025E28B /* DetailViewController.swift */; };
		15B538C22CBA56C30025E28B /* ReviewEditViewController.swift in Sources */ = {isa = PBXBuildFile; fileRef = 15B538C12CBA56C30025E28B /* ReviewEditViewController.swift */; };
		15B538C42CBA56CE0025E28B /* ReviewEditView.swift in Sources */ = {isa = PBXBuildFile; fileRef = 15B538C32CBA56CE0025E28B /* ReviewEditView.swift */; };
		15B538CC2CBA5A3D0025E28B /* BaseView.swift in Sources */ = {isa = PBXBuildFile; fileRef = 15B538CB2CBA5A3D0025E28B /* BaseView.swift */; };
		15B538CF2CBA5A740025E28B /* SnapKit in Frameworks */ = {isa = PBXBuildFile; productRef = 15B538CE2CBA5A740025E28B /* SnapKit */; };
/* End PBXBuildFile section */

/* Begin PBXFileReference section */
		15B538A72CBA55EF0025E28B /* MainViewController.swift */ = {isa = PBXFileReference; lastKnownFileType = sourcecode.swift; path = MainViewController.swift; sourceTree = "<group>"; };
		15B538A92CBA55EF0025E28B /* .gitignore */ = {isa = PBXFileReference; lastKnownFileType = text; path = .gitignore; sourceTree = "<group>"; };
		15B538AA2CBA55EF0025E28B /* AppDelegate.swift */ = {isa = PBXFileReference; lastKnownFileType = sourcecode.swift; path = AppDelegate.swift; sourceTree = "<group>"; };
		15B538AB2CBA55EF0025E28B /* Assets.xcassets */ = {isa = PBXFileReference; lastKnownFileType = folder.assetcatalog; path = Assets.xcassets; sourceTree = "<group>"; };
		15B538AC2CBA55EF0025E28B /* Info.plist */ = {isa = PBXFileReference; lastKnownFileType = text.plist.xml; path = Info.plist; sourceTree = "<group>"; };
		15B538AD2CBA55EF0025E28B /* Base */ = {isa = PBXFileReference; lastKnownFileType = file.storyboard; name = Base; path = Base.lproj/LaunchScreen.storyboard; sourceTree = "<group>"; };
		15B538AF2CBA55EF0025E28B /* SceneDelegate.swift */ = {isa = PBXFileReference; lastKnownFileType = sourcecode.swift; path = SceneDelegate.swift; sourceTree = "<group>"; };
		15B538BB2CBA56A50025E28B /* MainView.swift */ = {isa = PBXFileReference; lastKnownFileType = sourcecode.swift; path = MainView.swift; sourceTree = "<group>"; };
		15B538BD2CBA56AE0025E28B /* DetailView.swift */ = {isa = PBXFileReference; lastKnownFileType = sourcecode.swift; path = DetailView.swift; sourceTree = "<group>"; };
		15B538BF2CBA56BA0025E28B /* DetailViewController.swift */ = {isa = PBXFileReference; lastKnownFileType = sourcecode.swift; path = DetailViewController.swift; sourceTree = "<group>"; };
		15B538C12CBA56C30025E28B /* ReviewEditViewController.swift */ = {isa = PBXFileReference; lastKnownFileType = sourcecode.swift; path = ReviewEditViewController.swift; sourceTree = "<group>"; };
		15B538C32CBA56CE0025E28B /* ReviewEditView.swift */ = {isa = PBXFileReference; lastKnownFileType = sourcecode.swift; path = ReviewEditView.swift; sourceTree = "<group>"; };
		15B538C72CBA58370025E28B /* AppstoreClone.app */ = {isa = PBXFileReference; explicitFileType = wrapper.application; includeInIndex = 0; name = AppstoreClone.app; path = "/Users/kim-yurim/Desktop/SOPT/[2주차 과제] 앱스토어 Toss/AppstoreClone/build/Debug-iphoneos/AppstoreClone.app"; sourceTree = "<absolute>"; };
		15B538CB2CBA5A3D0025E28B /* BaseView.swift */ = {isa = PBXFileReference; lastKnownFileType = sourcecode.swift; path = BaseView.swift; sourceTree = "<group>"; };
/* End PBXFileReference section */

/* Begin PBXFrameworksBuildPhase section */
		15B538782CBA4EA50025E28B /* Frameworks */ = {
			isa = PBXFrameworksBuildPhase;
			buildActionMask = 2147483647;
			files = (
				15B538CF2CBA5A740025E28B /* SnapKit in Frameworks */,
			);
			runOnlyForDeploymentPostprocessing = 0;
		};
/* End PBXFrameworksBuildPhase section */

/* Begin PBXGroup section */
		15B538722CBA4EA50025E28B = {
			isa = PBXGroup;
			children = (
				15B538B02CBA55EF0025E28B /* AppstoreClone */,
			);
			sourceTree = "<group>";
		};
		15B538A82CBA55EF0025E28B /* Main */ = {
			isa = PBXGroup;
			children = (
				15B538BB2CBA56A50025E28B /* MainView.swift */,
				15B538A72CBA55EF0025E28B /* MainViewController.swift */,
			);
			path = Main;
			sourceTree = "<group>";
		};
		15B538B02CBA55EF0025E28B /* AppstoreClone */ = {
			isa = PBXGroup;
			children = (
				15B538A92CBA55EF0025E28B /* .gitignore */,
				15B538C52CBA57C20025E28B /* Application */,
				15B538B82CBA56210025E28B /* Presentation */,
				15B538C62CBA57DD0025E28B /* Resources */,
			);
			path = AppstoreClone;
			sourceTree = "<group>";
		};
		15B538B82CBA56210025E28B /* Presentation */ = {
			isa = PBXGroup;
			children = (
				15B538AE2CBA55EF0025E28B /* LaunchScreen.storyboard */,
				15B538C82CBA58AA0025E28B /* Bases */,
				15B538A82CBA55EF0025E28B /* Main */,
				15B538B92CBA56370025E28B /* Detail */,
				15B538BA2CBA564E0025E28B /* ReviewEdit */,
			);
			path = Presentation;
			sourceTree = "<group>";
		};
		15B538B92CBA56370025E28B /* Detail */ = {
			isa = PBXGroup;
			children = (
				15B538BD2CBA56AE0025E28B /* DetailView.swift */,
				15B538BF2CBA56BA0025E28B /* DetailViewController.swift */,
			);
			path = Detail;
			sourceTree = "<group>";
		};
		15B538BA2CBA564E0025E28B /* ReviewEdit */ = {
			isa = PBXGroup;
			children = (
				15B538C32CBA56CE0025E28B /* ReviewEditView.swift */,
				15B538C12CBA56C30025E28B /* ReviewEditViewController.swift */,
			);
			path = ReviewEdit;
			sourceTree = "<group>";
		};
		15B538C52CBA57C20025E28B /* Application */ = {
			isa = PBXGroup;
			children = (
				15B538AA2CBA55EF0025E28B /* AppDelegate.swift */,
				15B538AF2CBA55EF0025E28B /* SceneDelegate.swift */,
			);
			path = Application;
			sourceTree = "<group>";
		};
		15B538C62CBA57DD0025E28B /* Resources */ = {
			isa = PBXGroup;
			children = (
				15B538AB2CBA55EF0025E28B /* Assets.xcassets */,
				15B538AC2CBA55EF0025E28B /* Info.plist */,
			);
			path = Resources;
			sourceTree = "<group>";
		};
		15B538C82CBA58AA0025E28B /* Bases */ = {
			isa = PBXGroup;
			children = (
				15B538CB2CBA5A3D0025E28B /* BaseView.swift */,
			);
			path = Bases;
			sourceTree = "<group>";
		};
/* End PBXGroup section */

/* Begin PBXNativeTarget section */
		15B5387A2CBA4EA50025E28B /* AppstoreClone */ = {
			isa = PBXNativeTarget;
			buildConfigurationList = 15B5388E2CBA4EA80025E28B /* Build configuration list for PBXNativeTarget "AppstoreClone" */;
			buildPhases = (
				15B538772CBA4EA50025E28B /* Sources */,
				15B538782CBA4EA50025E28B /* Frameworks */,
				15B538792CBA4EA50025E28B /* Resources */,
			);
			buildRules = (
			);
			dependencies = (
			);
			name = AppstoreClone;
			packageProductDependencies = (
				15B538CE2CBA5A740025E28B /* SnapKit */,
			);
			productName = AppstoreClone;
			productReference = 15B538C72CBA58370025E28B /* AppstoreClone.app */;
			productType = "com.apple.product-type.application";
		};
/* End PBXNativeTarget section */

/* Begin PBXProject section */
		15B538732CBA4EA50025E28B /* Project object */ = {
			isa = PBXProject;
			attributes = {
				BuildIndependentTargetsInParallel = 1;
				LastSwiftUpdateCheck = 1600;
				LastUpgradeCheck = 1600;
				TargetAttributes = {
					15B5387A2CBA4EA50025E28B = {
						CreatedOnToolsVersion = 16.0;
					};
				};
			};
			buildConfigurationList = 15B538762CBA4EA50025E28B /* Build configuration list for PBXProject "AppstoreClone" */;
			developmentRegion = en;
			hasScannedForEncodings = 0;
			knownRegions = (
				en,
				Base,
			);
			mainGroup = 15B538722CBA4EA50025E28B;
			minimizedProjectReferenceProxies = 1;
			packageReferences = (
				15B538CD2CBA5A740025E28B /* XCRemoteSwiftPackageReference "SnapKit" */,
			);
			preferredProjectObjectVersion = 77;
			productRefGroup = 15B538722CBA4EA50025E28B;
			projectDirPath = "";
			projectRoot = "";
			targets = (
				15B5387A2CBA4EA50025E28B /* AppstoreClone */,
			);
		};
/* End PBXProject section */

/* Begin PBXResourcesBuildPhase section */
		15B538792CBA4EA50025E28B /* Resources */ = {
			isa = PBXResourcesBuildPhase;
			buildActionMask = 2147483647;
			files = (
				15B538B12CBA55EF0025E28B /* .gitignore in Resources */,
				15B538B22CBA55EF0025E28B /* Assets.xcassets in Resources */,
				15B538B42CBA55EF0025E28B /* LaunchScreen.storyboard in Resources */,
			);
			runOnlyForDeploymentPostprocessing = 0;
		};
/* End PBXResourcesBuildPhase section */

/* Begin PBXSourcesBuildPhase section */
		15B538772CBA4EA50025E28B /* Sources */ = {
			isa = PBXSourcesBuildPhase;
			buildActionMask = 2147483647;
			files = (
				15B538B52CBA55EF0025E28B /* MainViewController.swift in Sources */,
				15B538C22CBA56C30025E28B /* ReviewEditViewController.swift in Sources */,
				15B538C42CBA56CE0025E28B /* ReviewEditView.swift in Sources */,
				15B538BC2CBA56A50025E28B /* MainView.swift in Sources */,
				15B538B62CBA55EF0025E28B /* AppDelegate.swift in Sources */,
				15B538C02CBA56BA0025E28B /* DetailViewController.swift in Sources */,
				15B538CC2CBA5A3D0025E28B /* BaseView.swift in Sources */,
				15B538BE2CBA56AE0025E28B /* DetailView.swift in Sources */,
				15B538B72CBA55EF0025E28B /* SceneDelegate.swift in Sources */,
			);
			runOnlyForDeploymentPostprocessing = 0;
		};
/* End PBXSourcesBuildPhase section */

/* Begin PBXVariantGroup section */
		15B538AE2CBA55EF0025E28B /* LaunchScreen.storyboard */ = {
			isa = PBXVariantGroup;
			children = (
				15B538AD2CBA55EF0025E28B /* Base */,
			);
			name = LaunchScreen.storyboard;
			sourceTree = "<group>";
		};
/* End PBXVariantGroup section */

/* Begin XCBuildConfiguration section */
		15B5388F2CBA4EA80025E28B /* Debug */ = {
			isa = XCBuildConfiguration;
			buildSettings = {
				ASSETCATALOG_COMPILER_APPICON_NAME = AppIcon;
				ASSETCATALOG_COMPILER_GLOBAL_ACCENT_COLOR_NAME = AccentColor;
				CODE_SIGN_STYLE = Automatic;
				CURRENT_PROJECT_VERSION = 1;
				DEVELOPMENT_TEAM = FB44T8T3FL;
				GENERATE_INFOPLIST_FILE = YES;
				INFOPLIST_FILE = AppstoreClone/Resources/Info.plist;
				INFOPLIST_KEY_UIApplicationSupportsIndirectInputEvents = YES;
				INFOPLIST_KEY_UILaunchStoryboardName = LaunchScreen;
				INFOPLIST_KEY_UISupportedInterfaceOrientations_iPad = "UIInterfaceOrientationPortrait UIInterfaceOrientationPortraitUpsideDown UIInterfaceOrientationLandscapeLeft UIInterfaceOrientationLandscapeRight";
				INFOPLIST_KEY_UISupportedInterfaceOrientations_iPhone = "UIInterfaceOrientationPortrait UIInterfaceOrientationLandscapeLeft UIInterfaceOrientationLandscapeRight";
				LD_RUNPATH_SEARCH_PATHS = (
					"$(inherited)",
					"@executable_path/Frameworks",
				);
				MARKETING_VERSION = 1.0;
				PRODUCT_BUNDLE_IDENTIFIER = com.yurim.AppstoreClone;
				PRODUCT_NAME = "$(TARGET_NAME)";
				SWIFT_EMIT_LOC_STRINGS = YES;
				SWIFT_VERSION = 5.0;
				TARGETED_DEVICE_FAMILY = "1,2";
			};
			name = Debug;
		};
		15B538902CBA4EA80025E28B /* Release */ = {
			isa = XCBuildConfiguration;
			buildSettings = {
				ASSETCATALOG_COMPILER_APPICON_NAME = AppIcon;
				ASSETCATALOG_COMPILER_GLOBAL_ACCENT_COLOR_NAME = AccentColor;
				CODE_SIGN_STYLE = Automatic;
				CURRENT_PROJECT_VERSION = 1;
				DEVELOPMENT_TEAM = FB44T8T3FL;
				GENERATE_INFOPLIST_FILE = YES;
				INFOPLIST_FILE = AppstoreClone/Resources/Info.plist;
				INFOPLIST_KEY_UIApplicationSupportsIndirectInputEvents = YES;
				INFOPLIST_KEY_UILaunchStoryboardName = LaunchScreen;
				INFOPLIST_KEY_UISupportedInterfaceOrientations_iPad = "UIInterfaceOrientationPortrait UIInterfaceOrientationPortraitUpsideDown UIInterfaceOrientationLandscapeLeft UIInterfaceOrientationLandscapeRight";
				INFOPLIST_KEY_UISupportedInterfaceOrientations_iPhone = "UIInterfaceOrientationPortrait UIInterfaceOrientationLandscapeLeft UIInterfaceOrientationLandscapeRight";
				LD_RUNPATH_SEARCH_PATHS = (
					"$(inherited)",
					"@executable_path/Frameworks",
				);
				MARKETING_VERSION = 1.0;
				PRODUCT_BUNDLE_IDENTIFIER = com.yurim.AppstoreClone;
				PRODUCT_NAME = "$(TARGET_NAME)";
				SWIFT_EMIT_LOC_STRINGS = YES;
				SWIFT_VERSION = 5.0;
				TARGETED_DEVICE_FAMILY = "1,2";
			};
			name = Release;
		};
		15B538912CBA4EA80025E28B /* Debug */ = {
			isa = XCBuildConfiguration;
			buildSettings = {
				ALWAYS_SEARCH_USER_PATHS = NO;
				ASSETCATALOG_COMPILER_GENERATE_SWIFT_ASSET_SYMBOL_EXTENSIONS = YES;
				CLANG_ANALYZER_NONNULL = YES;
				CLANG_ANALYZER_NUMBER_OBJECT_CONVERSION = YES_AGGRESSIVE;
				CLANG_CXX_LANGUAGE_STANDARD = "gnu++20";
				CLANG_ENABLE_MODULES = YES;
				CLANG_ENABLE_OBJC_ARC = YES;
				CLANG_ENABLE_OBJC_WEAK = YES;
				CLANG_WARN_BLOCK_CAPTURE_AUTORELEASING = YES;
				CLANG_WARN_BOOL_CONVERSION = YES;
				CLANG_WARN_COMMA = YES;
				CLANG_WARN_CONSTANT_CONVERSION = YES;
				CLANG_WARN_DEPRECATED_OBJC_IMPLEMENTATIONS = YES;
				CLANG_WARN_DIRECT_OBJC_ISA_USAGE = YES_ERROR;
				CLANG_WARN_DOCUMENTATION_COMMENTS = YES;
				CLANG_WARN_EMPTY_BODY = YES;
				CLANG_WARN_ENUM_CONVERSION = YES;
				CLANG_WARN_INFINITE_RECURSION = YES;
				CLANG_WARN_INT_CONVERSION = YES;
				CLANG_WARN_NON_LITERAL_NULL_CONVERSION = YES;
				CLANG_WARN_OBJC_IMPLICIT_RETAIN_SELF = YES;
				CLANG_WARN_OBJC_LITERAL_CONVERSION = YES;
				CLANG_WARN_OBJC_ROOT_CLASS = YES_ERROR;
				CLANG_WARN_QUOTED_INCLUDE_IN_FRAMEWORK_HEADER = YES;
				CLANG_WARN_RANGE_LOOP_ANALYSIS = YES;
				CLANG_WARN_STRICT_PROTOTYPES = YES;
				CLANG_WARN_SUSPICIOUS_MOVE = YES;
				CLANG_WARN_UNGUARDED_AVAILABILITY = YES_AGGRESSIVE;
				CLANG_WARN_UNREACHABLE_CODE = YES;
				CLANG_WARN__DUPLICATE_METHOD_MATCH = YES;
				COPY_PHASE_STRIP = NO;
				DEBUG_INFORMATION_FORMAT = dwarf;
				ENABLE_STRICT_OBJC_MSGSEND = YES;
				ENABLE_TESTABILITY = YES;
				ENABLE_USER_SCRIPT_SANDBOXING = YES;
				GCC_C_LANGUAGE_STANDARD = gnu17;
				GCC_DYNAMIC_NO_PIC = NO;
				GCC_NO_COMMON_BLOCKS = YES;
				GCC_OPTIMIZATION_LEVEL = 0;
				GCC_PREPROCESSOR_DEFINITIONS = (
					"DEBUG=1",
					"$(inherited)",
				);
				GCC_WARN_64_TO_32_BIT_CONVERSION = YES;
				GCC_WARN_ABOUT_RETURN_TYPE = YES_ERROR;
				GCC_WARN_UNDECLARED_SELECTOR = YES;
				GCC_WARN_UNINITIALIZED_AUTOS = YES_AGGRESSIVE;
				GCC_WARN_UNUSED_FUNCTION = YES;
				GCC_WARN_UNUSED_VARIABLE = YES;
				IPHONEOS_DEPLOYMENT_TARGET = 18.0;
				LOCALIZATION_PREFERS_STRING_CATALOGS = YES;
				MTL_ENABLE_DEBUG_INFO = INCLUDE_SOURCE;
				MTL_FAST_MATH = YES;
				ONLY_ACTIVE_ARCH = YES;
				SDKROOT = iphoneos;
				SWIFT_ACTIVE_COMPILATION_CONDITIONS = "DEBUG $(inherited)";
				SWIFT_OPTIMIZATION_LEVEL = "-Onone";
			};
			name = Debug;
		};
		15B538922CBA4EA80025E28B /* Release */ = {
			isa = XCBuildConfiguration;
			buildSettings = {
				ALWAYS_SEARCH_USER_PATHS = NO;
				ASSETCATALOG_COMPILER_GENERATE_SWIFT_ASSET_SYMBOL_EXTENSIONS = YES;
				CLANG_ANALYZER_NONNULL = YES;
				CLANG_ANALYZER_NUMBER_OBJECT_CONVERSION = YES_AGGRESSIVE;
				CLANG_CXX_LANGUAGE_STANDARD = "gnu++20";
				CLANG_ENABLE_MODULES = YES;
				CLANG_ENABLE_OBJC_ARC = YES;
				CLANG_ENABLE_OBJC_WEAK = YES;
				CLANG_WARN_BLOCK_CAPTURE_AUTORELEASING = YES;
				CLANG_WARN_BOOL_CONVERSION = YES;
				CLANG_WARN_COMMA = YES;
				CLANG_WARN_CONSTANT_CONVERSION = YES;
				CLANG_WARN_DEPRECATED_OBJC_IMPLEMENTATIONS = YES;
				CLANG_WARN_DIRECT_OBJC_ISA_USAGE = YES_ERROR;
				CLANG_WARN_DOCUMENTATION_COMMENTS = YES;
				CLANG_WARN_EMPTY_BODY = YES;
				CLANG_WARN_ENUM_CONVERSION = YES;
				CLANG_WARN_INFINITE_RECURSION = YES;
				CLANG_WARN_INT_CONVERSION = YES;
				CLANG_WARN_NON_LITERAL_NULL_CONVERSION = YES;
				CLANG_WARN_OBJC_IMPLICIT_RETAIN_SELF = YES;
				CLANG_WARN_OBJC_LITERAL_CONVERSION = YES;
				CLANG_WARN_OBJC_ROOT_CLASS = YES_ERROR;
				CLANG_WARN_QUOTED_INCLUDE_IN_FRAMEWORK_HEADER = YES;
				CLANG_WARN_RANGE_LOOP_ANALYSIS = YES;
				CLANG_WARN_STRICT_PROTOTYPES = YES;
				CLANG_WARN_SUSPICIOUS_MOVE = YES;
				CLANG_WARN_UNGUARDED_AVAILABILITY = YES_AGGRESSIVE;
				CLANG_WARN_UNREACHABLE_CODE = YES;
				CLANG_WARN__DUPLICATE_METHOD_MATCH = YES;
				COPY_PHASE_STRIP = NO;
				DEBUG_INFORMATION_FORMAT = "dwarf-with-dsym";
				ENABLE_NS_ASSERTIONS = NO;
				ENABLE_STRICT_OBJC_MSGSEND = YES;
				ENABLE_USER_SCRIPT_SANDBOXING = YES;
				GCC_C_LANGUAGE_STANDARD = gnu17;
				GCC_NO_COMMON_BLOCKS = YES;
				GCC_WARN_64_TO_32_BIT_CONVERSION = YES;
				GCC_WARN_ABOUT_RETURN_TYPE = YES_ERROR;
				GCC_WARN_UNDECLARED_SELECTOR = YES;
				GCC_WARN_UNINITIALIZED_AUTOS = YES_AGGRESSIVE;
				GCC_WARN_UNUSED_FUNCTION = YES;
				GCC_WARN_UNUSED_VARIABLE = YES;
				IPHONEOS_DEPLOYMENT_TARGET = 18.0;
				LOCALIZATION_PREFERS_STRING_CATALOGS = YES;
				MTL_ENABLE_DEBUG_INFO = NO;
				MTL_FAST_MATH = YES;
				SDKROOT = iphoneos;
				SWIFT_COMPILATION_MODE = wholemodule;
				VALIDATE_PRODUCT = YES;
			};
			name = Release;
		};
/* End XCBuildConfiguration section */

/* Begin XCConfigurationList section */
		15B538762CBA4EA50025E28B /* Build configuration list for PBXProject "AppstoreClone" */ = {
			isa = XCConfigurationList;
			buildConfigurations = (
				15B538912CBA4EA80025E28B /* Debug */,
				15B538922CBA4EA80025E28B /* Release */,
			);
			defaultConfigurationIsVisible = 0;
			defaultConfigurationName = Release;
		};
		15B5388E2CBA4EA80025E28B /* Build configuration list for PBXNativeTarget "AppstoreClone" */ = {
			isa = XCConfigurationList;
			buildConfigurations = (
				15B5388F2CBA4EA80025E28B /* Debug */,
				15B538902CBA4EA80025E28B /* Release */,
			);
			defaultConfigurationIsVisible = 0;
			defaultConfigurationName = Release;
		};
/* End XCConfigurationList section */

/* Begin XCRemoteSwiftPackageReference section */
		15B538CD2CBA5A740025E28B /* XCRemoteSwiftPackageReference "SnapKit" */ = {
			isa = XCRemoteSwiftPackageReference;
			repositoryURL = "https://github.com/SnapKit/SnapKit.git";
			requirement = {
				kind = upToNextMajorVersion;
				minimumVersion = 5.7.1;
			};
		};
/* End XCRemoteSwiftPackageReference section */

/* Begin XCSwiftPackageProductDependency section */
		15B538CE2CBA5A740025E28B /* SnapKit */ = {
			isa = XCSwiftPackageProductDependency;
			package = 15B538CD2CBA5A740025E28B /* XCRemoteSwiftPackageReference "SnapKit" */;
			productName = SnapKit;
		};
/* End XCSwiftPackageProductDependency section */
	};
	rootObject = 15B538732CBA4EA50025E28B /* Project object */;
}
